
Microsoft Visual Studio Solution File, Format Version 12.00
# Visual Studio Version 17
VisualStudioVersion = 17.8.34309.116
MinimumVisualStudioVersion = 10.0.40219.1
Project("{9A19103F-16F7-4668-BE54-9A1E7A4F7556}") = "ToonHudPatcher", "ToonHudPatcher.csproj", "{01AE1377-B389-4807-A32F-46BE0082AB75}"
EndProject
Global
	GlobalSection(SolutionConfigurationPlatforms) = preSolution
		Debug|Any CPU = Debug|Any CPU
		Release|Any CPU = Release|Any CPU
	EndGlobalSection
	GlobalSection(ProjectConfigurationPlatforms) = postSolution
		{01AE1377-B389-4807-A32F-46BE0082AB75}.Debug|Any CPU.ActiveCfg = Debug|Any CPU
		{01AE1377-B389-4807-A32F-46BE0082AB75}.Debug|Any CPU.Build.0 = Debug|Any CPU
		{01AE1377-B389-4807-A32F-46BE0082AB75}.Release|Any CPU.ActiveCfg = Release|Any CPU
		{01AE1377-B389-4807-A32F-46BE0082AB75}.Release|Any CPU.Build.0 = Release|Any CPU
	EndGlobalSection
	GlobalSection(SolutionProperties) = preSolution
		HideSolutionNode = FALSE
	EndGlobalSection
	GlobalSection(ExtensibilityGlobals) = postSolution
		SolutionGuid = {58535EDB-E322-4EB1-B067-30CE0D6EC786}
	EndGlobalSection
EndGlobal
